// !$*UTF8*$!
{
	archiveVersion = 1;
	classes = {
	};
	objectVersion = 48;
	objects = {

/* Begin PBXBuildFile section */
		20E3E7A820B06C01001106DF /* AppDelegate.swift in Sources */ = {isa = PBXBuildFile; fileRef = 20E3E7A720B06C01001106DF /* AppDelegate.swift */; };
		20E3E7AA20B06C01001106DF /* ViewController.swift in Sources */ = {isa = PBXBuildFile; fileRef = 20E3E7A920B06C01001106DF /* ViewController.swift */; };
		20E3E7AD20B06C01001106DF /* Main.storyboard in Resources */ = {isa = PBXBuildFile; fileRef = 20E3E7AB20B06C01001106DF /* Main.storyboard */; };
		20E3E7AF20B06C01001106DF /* Assets.xcassets in Resources */ = {isa = PBXBuildFile; fileRef = 20E3E7AE20B06C01001106DF /* Assets.xcassets */; };
		20E3E7B220B06C01001106DF /* LaunchScreen.storyboard in Resources */ = {isa = PBXBuildFile; fileRef = 20E3E7B020B06C01001106DF /* LaunchScreen.storyboard */; };
		20E3E7BD20B06C02001106DF /* BreadClockTests.swift in Sources */ = {isa = PBXBuildFile; fileRef = 20E3E7BC20B06C02001106DF /* BreadClockTests.swift */; };
/* End PBXBuildFile section */

/* Begin PBXContainerItemProxy section */
		20E3E7B920B06C02001106DF /* PBXContainerItemProxy */ = {
			isa = PBXContainerItemProxy;
			containerPortal = 20E3E79C20B06C01001106DF /* Project object */;
			proxyType = 1;
			remoteGlobalIDString = 20E3E7A320B06C01001106DF;
			remoteInfo = BreadClock;
		};
/* End PBXContainerItemProxy section */

/* Begin PBXFileReference section */
		20E3E7A420B06C01001106DF /* BreadClock.app */ = {isa = PBXFileReference; explicitFileType = wrapper.application; includeInIndex = 0; path = BreadClock.app; sourceTree = BUILT_PRODUCTS_DIR; };
		20E3E7A720B06C01001106DF /* AppDelegate.swift */ = {isa = PBXFileReference; lastKnownFileType = sourcecode.swift; path = AppDelegate.swift; sourceTree = "<group>"; };
		20E3E7A920B06C01001106DF /* ViewController.swift */ = {isa = PBXFileReference; lastKnownFileType = sourcecode.swift; path = ViewController.swift; sourceTree = "<group>"; };
		20E3E7AC20B06C01001106DF /* Base */ = {isa = PBXFileReference; lastKnownFileType = file.storyboard; name = Base; path = Base.lproj/Main.storyboard; sourceTree = "<group>"; };
		20E3E7AE20B06C01001106DF /* Assets.xcassets */ = {isa = PBXFileReference; lastKnownFileType = folder.assetcatalog; path = Assets.xcassets; sourceTree = "<group>"; };
		20E3E7B120B06C01001106DF /* Base */ = {isa = PBXFileReference; lastKnownFileType = file.storyboard; name = Base; path = Base.lproj/LaunchScreen.storyboard; sourceTree = "<group>"; };
		20E3E7B320B06C01001106DF /* Info.plist */ = {isa = PBXFileReference; lastKnownFileType = text.plist.xml; path = Info.plist; sourceTree = "<group>"; };
		20E3E7B820B06C02001106DF /* BreadClockTests.xctest */ = {isa = PBXFileReference; explicitFileType = wrapper.cfbundle; includeInIndex = 0; path = BreadClockTests.xctest; sourceTree = BUILT_PRODUCTS_DIR; };
		20E3E7BC20B06C02001106DF /* BreadClockTests.swift */ = {isa = PBXFileReference; lastKnownFileType = sourcecode.swift; path = BreadClockTests.swift; sourceTree = "<group>"; };
		20E3E7BE20B06C02001106DF /* Info.plist */ = {isa = PBXFileReference; lastKnownFileType = text.plist.xml; path = Info.plist; sourceTree = "<group>"; };
/* End PBXFileReference section */

/* Begin PBXFrameworksBuildPhase section */
		20E3E7A120B06C01001106DF /* Frameworks */ = {
			isa = PBXFrameworksBuildPhase;
			buildActionMask = 2147483647;
			files = (
			);
			runOnlyForDeploymentPostprocessing = 0;
		};
		20E3E7B520B06C02001106DF /* Frameworks */ = {
			isa = PBXFrameworksBuildPhase;
			buildActionMask = 2147483647;
			files = (
			);
			runOnlyForDeploymentPostprocessing = 0;
		};
/* End PBXFrameworksBuildPhase section */

/* Begin PBXGroup section */
		20E3E79B20B06C01001106DF = {
			isa = PBXGroup;
			children = (
				20E3E7A620B06C01001106DF /* BreadClock */,
				20E3E7BB20B06C02001106DF /* BreadClockTests */,
				20E3E7A520B06C01001106DF /* Products */,
			);
			sourceTree = "<group>";
		};
		20E3E7A520B06C01001106DF /* Products */ = {
			isa = PBXGroup;
			children = (
				20E3E7A420B06C01001106DF /* BreadClock.app */,
				20E3E7B820B06C02001106DF /* BreadClockTests.xctest */,
			);
			name = Products;
			sourceTree = "<group>";
		};
		20E3E7A620B06C01001106DF /* BreadClock */ = {
			isa = PBXGroup;
			children = (
				20E3E7A720B06C01001106DF /* AppDelegate.swift */,
				20E3E7A920B06C01001106DF /* ViewController.swift */,
				20E3E7AB20B06C01001106DF /* Main.storyboard */,
				20E3E7AE20B06C01001106DF /* Assets.xcassets */,
				20E3E7B020B06C01001106DF /* LaunchScreen.storyboard */,
				20E3E7B320B06C01001106DF /* Info.plist */,
			);
			path = BreadClock;
			sourceTree = "<group>";
		};
		20E3E7BB20B06C02001106DF /* BreadClockTests */ = {
			isa = PBXGroup;
			children = (
				20E3E7BC20B06C02001106DF /* BreadClockTests.swift */,
				20E3E7BE20B06C02001106DF /* Info.plist */,
			);
			path = BreadClockTests;
			sourceTree = "<group>";
		};
/* End PBXGroup section */

/* Begin PBXNativeTarget section */
		20E3E7A320B06C01001106DF /* BreadClock */ = {
			isa = PBXNativeTarget;
			buildConfigurationList = 20E3E7C120B06C02001106DF /* Build configuration list for PBXNativeTarget "BreadClock" */;
			buildPhases = (
				20E3E7A020B06C01001106DF /* Sources */,
				20E3E7A120B06C01001106DF /* Frameworks */,
				20E3E7A220B06C01001106DF /* Resources */,
			);
			buildRules = (
			);
			dependencies = (
			);
			name = BreadClock;
			productName = BreadClock;
			productReference = 20E3E7A420B06C01001106DF /* BreadClock.app */;
			productType = "com.apple.product-type.application";
		};
		20E3E7B720B06C02001106DF /* BreadClockTests */ = {
			isa = PBXNativeTarget;
			buildConfigurationList = 20E3E7C420B06C02001106DF /* Build configuration list for PBXNativeTarget "BreadClockTests" */;
			buildPhases = (
				20E3E7B420B06C02001106DF /* Sources */,
				20E3E7B520B06C02001106DF /* Frameworks */,
				20E3E7B620B06C02001106DF /* Resources */,
			);
			buildRules = (
			);
			dependencies = (
				20E3E7BA20B06C02001106DF /* PBXTargetDependency */,
			);
			name = BreadClockTests;
			productName = BreadClockTests;
			productReference = 20E3E7B820B06C02001106DF /* BreadClockTests.xctest */;
			productType = "com.apple.product-type.bundle.unit-test";
		};
/* End PBXNativeTarget section */

/* Begin PBXProject section */
		20E3E79C20B06C01001106DF /* Project object */ = {
			isa = PBXProject;
			attributes = {
				LastSwiftUpdateCheck = 0920;
				LastUpgradeCheck = 0920;
				ORGANIZATIONNAME = "Emily Brown";
				TargetAttributes = {
					20E3E7A320B06C01001106DF = {
						CreatedOnToolsVersion = 9.2;
						ProvisioningStyle = Automatic;
					};
					20E3E7B720B06C02001106DF = {
						CreatedOnToolsVersion = 9.2;
						ProvisioningStyle = Automatic;
						TestTargetID = 20E3E7A320B06C01001106DF;
					};
				};
			};
			buildConfigurationList = 20E3E79F20B06C01001106DF /* Build configuration list for PBXProject "BreadClock" */;
			compatibilityVersion = "Xcode 8.0";
			developmentRegion = en;
			hasScannedForEncodings = 0;
			knownRegions = (
				en,
				Base,
			);
			mainGroup = 20E3E79B20B06C01001106DF;
			productRefGroup = 20E3E7A520B06C01001106DF /* Products */;
			projectDirPath = "";
			projectRoot = "";
			targets = (
				20E3E7A320B06C01001106DF /* BreadClock */,
				20E3E7B720B06C02001106DF /* BreadClockTests */,
			);
		};
/* End PBXProject section */

/* Begin PBXResourcesBuildPhase section */
		20E3E7A220B06C01001106DF /* Resources */ = {
			isa = PBXResourcesBuildPhase;
			buildActionMask = 2147483647;
			files = (
				20E3E7B220B06C01001106DF /* LaunchScreen.storyboard in Resources */,
				20E3E7AF20B06C01001106DF /* Assets.xcassets in Resources */,
				20E3E7AD20B06C01001106DF /* Main.storyboard in Resources */,
			);
			runOnlyForDeploymentPostprocessing = 0;
		};
		20E3E7B620B06C02001106DF /* Resources */ = {
			isa = PBXResourcesBuildPhase;
			buildActionMask = 2147483647;
			files = (
			);
			runOnlyForDeploymentPostprocessing = 0;
		};
/* End PBXResourcesBuildPhase section */

/* Begin PBXSourcesBuildPhase section */
		20E3E7A020B06C01001106DF /* Sources */ = {
			isa = PBXSourcesBuildPhase;
			buildActionMask = 2147483647;
			files = (
				20E3E7AA20B06C01001106DF /* ViewController.swift in Sources */,
				20E3E7A820B06C01001106DF /* AppDelegate.swift in Sources */,
			);
			runOnlyForDeploymentPostprocessing = 0;
		};
		20E3E7B420B06C02001106DF /* Sources */ = {
			isa = PBXSourcesBuildPhase;
			buildActionMask = 2147483647;
			files = (
				20E3E7BD20B06C02001106DF /* BreadClockTests.swift in Sources */,
			);
			runOnlyForDeploymentPostprocessing = 0;
		};
/* End PBXSourcesBuildPhase section */

/* Begin PBXTargetDependency section */
		20E3E7BA20B06C02001106DF /* PBXTargetDependency */ = {
			isa = PBXTargetDependency;
			target = 20E3E7A320B06C01001106DF /* BreadClock */;
			targetProxy = 20E3E7B920B06C02001106DF /* PBXContainerItemProxy */;
		};
/* End PBXTargetDependency section */

/* Begin PBXVariantGroup section */
		20E3E7AB20B06C01001106DF /* Main.storyboard */ = {
			isa = PBXVariantGroup;
			children = (
				20E3E7AC20B06C01001106DF /* Base */,
			);
			name = Main.storyboard;
			sourceTree = "<group>";
		};
		20E3E7B020B06C01001106DF /* LaunchScreen.storyboard */ = {
			isa = PBXVariantGroup;
			children = (
				20E3E7B120B06C01001106DF /* Base */,
			);
			name = LaunchScreen.storyboard;
			sourceTree = "<group>";
		};
/* End PBXVariantGroup section */

/* Begin XCBuildConfiguration section */
		20E3E7BF20B06C02001106DF /* Debug */ = {
			isa = XCBuildConfiguration;
			buildSettings = {
				ALWAYS_SEARCH_USER_PATHS = NO;
				CLANG_ANALYZER_NONNULL = YES;
				CLANG_ANALYZER_NUMBER_OBJECT_CONVERSION = YES_AGGRESSIVE;
				CLANG_CXX_LANGUAGE_STANDARD = "gnu++14";
				CLANG_CXX_LIBRARY = "libc++";
				CLANG_ENABLE_MODULES = YES;
				CLANG_ENABLE_OBJC_ARC = YES;
				CLANG_WARN_BLOCK_CAPTURE_AUTORELEASING = YES;
				CLANG_WARN_BOOL_CONVERSION = YES;
				CLANG_WARN_COMMA = YES;
				CLANG_WARN_CONSTANT_CONVERSION = YES;
				CLANG_WARN_DIRECT_OBJC_ISA_USAGE = YES_ERROR;
				CLANG_WARN_DOCUMENTATION_COMMENTS = YES;
				CLANG_WARN_EMPTY_BODY = YES;
				CLANG_WARN_ENUM_CONVERSION = YES;
				CLANG_WARN_INFINITE_RECURSION = YES;
				CLANG_WARN_INT_CONVERSION = YES;
				CLANG_WARN_NON_LITERAL_NULL_CONVERSION = YES;
				CLANG_WARN_OBJC_LITERAL_CONVERSION = YES;
				CLANG_WARN_OBJC_ROOT_CLASS = YES_ERROR;
				CLANG_WARN_RANGE_LOOP_ANALYSIS = YES;
				CLANG_WARN_STRICT_PROTOTYPES = YES;
				CLANG_WARN_SUSPICIOUS_MOVE = YES;
				CLANG_WARN_UNGUARDED_AVAILABILITY = YES_AGGRESSIVE;
				CLANG_WARN_UNREACHABLE_CODE = YES;
				CLANG_WARN__DUPLICATE_METHOD_MATCH = YES;
				CODE_SIGN_IDENTITY = "iPhone Developer";
				COPY_PHASE_STRIP = NO;
				DEBUG_INFORMATION_FORMAT = dwarf;
				ENABLE_STRICT_OBJC_MSGSEND = YES;
				ENABLE_TESTABILITY = YES;
				GCC_C_LANGUAGE_STANDARD = gnu11;
				GCC_DYNAMIC_NO_PIC = NO;
				GCC_NO_COMMON_BLOCKS = YES;
				GCC_OPTIMIZATION_LEVEL = 0;
				GCC_PREPROCESSOR_DEFINITIONS = (
					"DEBUG=1",
					"$(inherited)",
				);
				GCC_WARN_64_TO_32_BIT_CONVERSION = YES;
				GCC_WARN_ABOUT_RETURN_TYPE = YES_ERROR;
				GCC_WARN_UNDECLARED_SELECTOR = YES;
				GCC_WARN_UNINITIALIZED_AUTOS = YES_AGGRESSIVE;
				GCC_WARN_UNUSED_FUNCTION = YES;
				GCC_WARN_UNUSED_VARIABLE = YES;
				IPHONEOS_DEPLOYMENT_TARGET = 11.2;
				MTL_ENABLE_DEBUG_INFO = YES;
				ONLY_ACTIVE_ARCH = YES;
				SDKROOT = iphoneos;
				SWIFT_ACTIVE_COMPILATION_CONDITIONS = DEBUG;
				SWIFT_OPTIMIZATION_LEVEL = "-Onone";
			};
			name = Debug;
		};
		20E3E7C020B06C02001106DF /* Release */ = {
			isa = XCBuildConfiguration;
			buildSettings = {
				ALWAYS_SEARCH_USER_PATHS = NO;
				CLANG_ANALYZER_NONNULL = YES;
				CLANG_ANALYZER_NUMBER_OBJECT_CONVERSION = YES_AGGRESSIVE;
				CLANG_CXX_LANGUAGE_STANDARD = "gnu++14";
				CLANG_CXX_LIBRARY = "libc++";
				CLANG_ENABLE_MODULES = YES;
				CLANG_ENABLE_OBJC_ARC = YES;
				CLANG_WARN_BLOCK_CAPTURE_AUTORELEASING = YES;
				CLANG_WARN_BOOL_CONVERSION = YES;
				CLANG_WARN_COMMA = YES;
				CLANG_WARN_CONSTANT_CONVERSION = YES;
				CLANG_WARN_DIRECT_OBJC_ISA_USAGE = YES_ERROR;
				CLANG_WARN_DOCUMENTATION_COMMENTS = YES;
				CLANG_WARN_EMPTY_BODY = YES;
				CLANG_WARN_ENUM_CONVERSION = YES;
				CLANG_WARN_INFINITE_RECURSION = YES;
				CLANG_WARN_INT_CONVERSION = YES;
				CLANG_WARN_NON_LITERAL_NULL_CONVERSION = YES;
				CLANG_WARN_OBJC_LITERAL_CONVERSION = YES;
				CLANG_WARN_OBJC_ROOT_CLASS = YES_ERROR;
				CLANG_WARN_RANGE_LOOP_ANALYSIS = YES;
				CLANG_WARN_STRICT_PROTOTYPES = YES;
				CLANG_WARN_SUSPICIOUS_MOVE = YES;
				CLANG_WARN_UNGUARDED_AVAILABILITY = YES_AGGRESSIVE;
				CLANG_WARN_UNREACHABLE_CODE = YES;
				CLANG_WARN__DUPLICATE_METHOD_MATCH = YES;
				CODE_SIGN_IDENTITY = "iPhone Developer";
				COPY_PHASE_STRIP = NO;
				DEBUG_INFORMATION_FORMAT = "dwarf-with-dsym";
				ENABLE_NS_ASSERTIONS = NO;
				ENABLE_STRICT_OBJC_MSGSEND = YES;
				GCC_C_LANGUAGE_STANDARD = gnu11;
				GCC_NO_COMMON_BLOCKS = YES;
				GCC_WARN_64_TO_32_BIT_CONVERSION = YES;
				GCC_WARN_ABOUT_RETURN_TYPE = YES_ERROR;
				GCC_WARN_UNDECLARED_SELECTOR = YES;
				GCC_WARN_UNINITIALIZED_AUTOS = YES_AGGRESSIVE;
				GCC_WARN_UNUSED_FUNCTION = YES;
				GCC_WARN_UNUSED_VARIABLE = YES;
				IPHONEOS_DEPLOYMENT_TARGET = 11.2;
				MTL_ENABLE_DEBUG_INFO = NO;
				SDKROOT = iphoneos;
				SWIFT_OPTIMIZATION_LEVEL = "-Owholemodule";
				VALIDATE_PRODUCT = YES;
			};
			name = Release;
		};
		20E3E7C220B06C02001106DF /* Debug */ = {
			isa = XCBuildConfiguration;
			buildSettings = {
				ASSETCATALOG_COMPILER_APPICON_NAME = AppIcon;
				CODE_SIGN_STYLE = Automatic;
				INFOPLIST_FILE = BreadClock/Info.plist;
				LD_RUNPATH_SEARCH_PATHS = "$(inherited) @executable_path/Frameworks";
				PRODUCT_BUNDLE_IDENTIFIER = com.emilymalecbrown.BreadClock;
				PRODUCT_NAME = "$(TARGET_NAME)";
				SWIFT_VERSION = 4.0;
				TARGETED_DEVICE_FAMILY = "1,2";
			};
			name = Debug;
		};
		20E3E7C320B06C02001106DF /* Release */ = {
			isa = XCBuildConfiguration;
			buildSettings = {
				ASSETCATALOG_COMPILER_APPICON_NAME = AppIcon;
				CODE_SIGN_STYLE = Automatic;
				INFOPLIST_FILE = BreadClock/Info.plist;
				LD_RUNPATH_SEARCH_PATHS = "$(inherited) @executable_path/Frameworks";
				PRODUCT_BUNDLE_IDENTIFIER = com.emilymalecbrown.BreadClock;
				PRODUCT_NAME = "$(TARGET_NAME)";
				SWIFT_VERSION = 4.0;
				TARGETED_DEVICE_FAMILY = "1,2";
			};
			name = Release;
		};
		20E3E7C520B06C02001106DF /* Debug */ = {
			isa = XCBuildConfiguration;
			buildSettings = {
				ALWAYS_EMBED_SWIFT_STANDARD_LIBRARIES = YES;
				BUNDLE_LOADER = "$(TEST_HOST)";
				CODE_SIGN_STYLE = Automatic;
				INFOPLIST_FILE = BreadClockTests/Info.plist;
				LD_RUNPATH_SEARCH_PATHS = "$(inherited) @executable_path/Frameworks @loader_path/Frameworks";
				PRODUCT_BUNDLE_IDENTIFIER = com.emilymalecbrown.BreadClockTests;
				PRODUCT_NAME = "$(TARGET_NAME)";
				SWIFT_VERSION = 4.0;
				TARGETED_DEVICE_FAMILY = "1,2";
				TEST_HOST = "$(BUILT_PRODUCTS_DIR)/BreadClock.app/BreadClock";
			};
			name = Debug;
		};
		20E3E7C620B06C02001106DF /* Release */ = {
			isa = XCBuildConfiguration;
			buildSettings = {
				ALWAYS_EMBED_SWIFT_STANDARD_LIBRARIES = YES;
				BUNDLE_LOADER = "$(TEST_HOST)";
				CODE_SIGN_STYLE = Automatic;
				INFOPLIST_FILE = BreadClockTests/Info.plist;
				LD_RUNPATH_SEARCH_PATHS = "$(inherited) @executable_path/Frameworks @loader_path/Frameworks";
				PRODUCT_BUNDLE_IDENTIFIER = com.emilymalecbrown.BreadClockTests;
				PRODUCT_NAME = "$(TARGET_NAME)";
				SWIFT_VERSION = 4.0;
				TARGETED_DEVICE_FAMILY = "1,2";
				TEST_HOST = "$(BUILT_PRODUCTS_DIR)/BreadClock.app/BreadClock";
			};
			name = Release;
		};
/* End XCBuildConfiguration section */

/* Begin XCConfigurationList section */
		20E3E79F20B06C01001106DF /* Build configuration list for PBXProject "BreadClock" */ = {
			isa = XCConfigurationList;
			buildConfigurations = (
				20E3E7BF20B06C02001106DF /* Debug */,
				20E3E7C020B06C02001106DF /* Release */,
			);
			defaultConfigurationIsVisible = 0;
			defaultConfigurationName = Release;
		};
		20E3E7C120B06C02001106DF /* Build configuration list for PBXNativeTarget "BreadClock" */ = {
			isa = XCConfigurationList;
			buildConfigurations = (
				20E3E7C220B06C02001106DF /* Debug */,
				20E3E7C320B06C02001106DF /* Release */,
			);
			defaultConfigurationIsVisible = 0;
			defaultConfigurationName = Release;
		};
		20E3E7C420B06C02001106DF /* Build configuration list for PBXNativeTarget "BreadClockTests" */ = {
			isa = XCConfigurationList;
			buildConfigurations = (
				20E3E7C520B06C02001106DF /* Debug */,
				20E3E7C620B06C02001106DF /* Release */,
			);
			defaultConfigurationIsVisible = 0;
			defaultConfigurationName = Release;
		};
/* End XCConfigurationList section */
	};
	rootObject = 20E3E79C20B06C01001106DF /* Project object */;
}
